
Microsoft Visual Studio Solution File, Format Version 12.00
# Visual Studio Version 17
VisualStudioVersion = 17.9.34701.34
MinimumVisualStudioVersion = 10.0.40219.1
Project("{FAE04EC0-301F-11D3-BF4B-00C04F79EFBC}") = "FileReadWriteProj_03", "FileReadWriteProj_03.csproj", "{B731EBBC-F8BD-42D7-8672-117B244A60C5}"
EndProject
Global
	GlobalSection(SolutionConfigurationPlatforms) = preSolution
		Debug|Any CPU = Debug|Any CPU
		Release|Any CPU = Release|Any CPU
	EndGlobalSection
	GlobalSection(ProjectConfigurationPlatforms) = postSolution
		{B731EBBC-F8BD-42D7-8672-117B244A60C5}.Debug|Any CPU.ActiveCfg = Debug|Any CPU
		{B731EBBC-F8BD-42D7-8672-117B244A60C5}.Debug|Any CPU.Build.0 = Debug|Any CPU
		{B731EBBC-F8BD-42D7-8672-117B244A60C5}.Release|Any CPU.ActiveCfg = Release|Any CPU
		{B731EBBC-F8BD-42D7-8672-117B244A60C5}.Release|Any CPU.Build.0 = Release|Any CPU
	EndGlobalSection
	GlobalSection(SolutionProperties) = preSolution
		HideSolutionNode = FALSE
	EndGlobalSection
	GlobalSection(ExtensibilityGlobals) = postSolution
		SolutionGuid = {62416DB1-C559-4677-924F-59DE071E5613}
	EndGlobalSection
EndGlobal
